// !$*UTF8*$!
{
	archiveVersion = 1;
	classes = {
	};
	objectVersion = 46;
	objects = {

/* Begin PBXBuildFile section */
		7E12B5C61D3F26A800F016E1 /* main.m in Sources */ = {isa = PBXBuildFile; fileRef = 7E12B5C51D3F26A800F016E1 /* main.m */; };
		7E12B5C91D3F26A800F016E1 /* AppDelegate.m in Sources */ = {isa = PBXBuildFile; fileRef = 7E12B5C81D3F26A800F016E1 /* AppDelegate.m */; };
		7E12B5CC1D3F26A800F016E1 /* ViewController.m in Sources */ = {isa = PBXBuildFile; fileRef = 7E12B5CB1D3F26A800F016E1 /* ViewController.m */; };
		7E12B5CF1D3F26A800F016E1 /* Main.storyboard in Resources */ = {isa = PBXBuildFile; fileRef = 7E12B5CD1D3F26A800F016E1 /* Main.storyboard */; };
		7E12B5D11D3F26A800F016E1 /* Assets.xcassets in Resources */ = {isa = PBXBuildFile; fileRef = 7E12B5D01D3F26A800F016E1 /* Assets.xcassets */; };
		7E12B5D41D3F26A800F016E1 /* LaunchScreen.storyboard in Resources */ = {isa = PBXBuildFile; fileRef = 7E12B5D21D3F26A800F016E1 /* LaunchScreen.storyboard */; };
		7E12B5DF1D3F26A800F016E1 /* _____Tests.m in Sources */ = {isa = PBXBuildFile; fileRef = 7E12B5DE1D3F26A800F016E1 /* _____Tests.m */; };
		7E12B5EA1D3F26A800F016E1 /* _____UITests.m in Sources */ = {isa = PBXBuildFile; fileRef = 7E12B5E91D3F26A800F016E1 /* _____UITests.m */; };
		7E12B5F81D3F298400F016E1 /* MapKit.framework in Frameworks */ = {isa = PBXBuildFile; fileRef = 7E12B5F71D3F298400F016E1 /* MapKit.framework */; };
		7ED8126A1D406F5A0056CA37 /* myAnimation.m in Sources */ = {isa = PBXBuildFile; fileRef = 7ED812691D406F5A0056CA37 /* myAnimation.m */; };
/* End PBXBuildFile section */

/* Begin PBXContainerItemProxy section */
		7E12B5DB1D3F26A800F016E1 /* PBXContainerItemProxy */ = {
			isa = PBXContainerItemProxy;
			containerPortal = 7E12B5B91D3F26A800F016E1 /* Project object */;
			proxyType = 1;
			remoteGlobalIDString = 7E12B5C01D3F26A800F016E1;
			remoteInfo = "大头针相关";
		};
		7E12B5E61D3F26A800F016E1 /* PBXContainerItemProxy */ = {
			isa = PBXContainerItemProxy;
			containerPortal = 7E12B5B91D3F26A800F016E1 /* Project object */;
			proxyType = 1;
			remoteGlobalIDString = 7E12B5C01D3F26A800F016E1;
			remoteInfo = "大头针相关";
		};
/* End PBXContainerItemProxy section */

/* Begin PBXFileReference section */
		7E12B5C11D3F26A800F016E1 /* 大头针相关.app */ = {isa = PBXFileReference; explicitFileType = wrapper.application; includeInIndex = 0; path = "大头针相关.app"; sourceTree = BUILT_PRODUCTS_DIR; };
		7E12B5C51D3F26A800F016E1 /* main.m */ = {isa = PBXFileReference; lastKnownFileType = sourcecode.c.objc; path = main.m; sourceTree = "<group>"; };
		7E12B5C71D3F26A800F016E1 /* AppDelegate.h */ = {isa = PBXFileReference; lastKnownFileType = sourcecode.c.h; path = AppDelegate.h; sourceTree = "<group>"; };
		7E12B5C81D3F26A800F016E1 /* AppDelegate.m */ = {isa = PBXFileReference; lastKnownFileType = sourcecode.c.objc; path = AppDelegate.m; sourceTree = "<group>"; };
		7E12B5CA1D3F26A800F016E1 /* ViewController.h */ = {isa = PBXFileReference; lastKnownFileType = sourcecode.c.h; path = ViewController.h; sourceTree = "<group>"; };
		7E12B5CB1D3F26A800F016E1 /* ViewController.m */ = {isa = PBXFileReference; lastKnownFileType = sourcecode.c.objc; path = ViewController.m; sourceTree = "<group>"; };
		7E12B5CE1D3F26A800F016E1 /* Base */ = {isa = PBXFileReference; lastKnownFileType = file.storyboard; name = Base; path = Base.lproj/Main.storyboard; sourceTree = "<group>"; };
		7E12B5D01D3F26A800F016E1 /* Assets.xcassets */ = {isa = PBXFileReference; lastKnownFileType = folder.assetcatalog; path = Assets.xcassets; sourceTree = "<group>"; };
		7E12B5D31D3F26A800F016E1 /* Base */ = {isa = PBXFileReference; lastKnownFileType = file.storyboard; name = Base; path = Base.lproj/LaunchScreen.storyboard; sourceTree = "<group>"; };
		7E12B5D51D3F26A800F016E1 /* Info.plist */ = {isa = PBXFileReference; lastKnownFileType = text.plist.xml; path = Info.plist; sourceTree = "<group>"; };
		7E12B5DA1D3F26A800F016E1 /* 大头针相关Tests.xctest */ = {isa = PBXFileReference; explicitFileType = wrapper.cfbundle; includeInIndex = 0; path = "大头针相关Tests.xctest"; sourceTree = BUILT_PRODUCTS_DIR; };
		7E12B5DE1D3F26A800F016E1 /* _____Tests.m */ = {isa = PBXFileReference; lastKnownFileType = sourcecode.c.objc; path = "_____Tests.m"; sourceTree = "<group>"; };
		7E12B5E01D3F26A800F016E1 /* Info.plist */ = {isa = PBXFileReference; lastKnownFileType = text.plist.xml; path = Info.plist; sourceTree = "<group>"; };
		7E12B5E51D3F26A800F016E1 /* 大头针相关UITests.xctest */ = {isa = PBXFileReference; explicitFileType = wrapper.cfbundle; includeInIndex = 0; path = "大头针相关UITests.xctest"; sourceTree = BUILT_PRODUCTS_DIR; };
		7E12B5E91D3F26A800F016E1 /* _____UITests.m */ = {isa = PBXFileReference; lastKnownFileType = sourcecode.c.objc; path = "_____UITests.m"; sourceTree = "<group>"; };
		7E12B5EB1D3F26A800F016E1 /* Info.plist */ = {isa = PBXFileReference; lastKnownFileType = text.plist.xml; path = Info.plist; sourceTree = "<group>"; };
		7E12B5F71D3F298400F016E1 /* MapKit.framework */ = {isa = PBXFileReference; lastKnownFileType = wrapper.framework; name = MapKit.framework; path = System/Library/Frameworks/MapKit.framework; sourceTree = SDKROOT; };
		7ED812681D406F5A0056CA37 /* myAnimation.h */ = {isa = PBXFileReference; fileEncoding = 4; lastKnownFileType = sourcecode.c.h; path = myAnimation.h; sourceTree = "<group>"; };
		7ED812691D406F5A0056CA37 /* myAnimation.m */ = {isa = PBXFileReference; fileEncoding = 4; lastKnownFileType = sourcecode.c.objc; path = myAnimation.m; sourceTree = "<group>"; };
/* End PBXFileReference section */

/* Begin PBXFrameworksBuildPhase section */
		7E12B5BE1D3F26A800F016E1 /* Frameworks */ = {
			isa = PBXFrameworksBuildPhase;
			buildActionMask = 2147483647;
			files = (
				7E12B5F81D3F298400F016E1 /* MapKit.framework in Frameworks */,
			);
			runOnlyForDeploymentPostprocessing = 0;
		};
		7E12B5D71D3F26A800F016E1 /* Frameworks */ = {
			isa = PBXFrameworksBuildPhase;
			buildActionMask = 2147483647;
			files = (
			);
			runOnlyForDeploymentPostprocessing = 0;
		};
		7E12B5E21D3F26A800F016E1 /* Frameworks */ = {
			isa = PBXFrameworksBuildPhase;
			buildActionMask = 2147483647;
			files = (
			);
			runOnlyForDeploymentPostprocessing = 0;
		};
/* End PBXFrameworksBuildPhase section */

/* Begin PBXGroup section */
		7E12B5B81D3F26A800F016E1 = {
			isa = PBXGroup;
			children = (
				7E12B5F71D3F298400F016E1 /* MapKit.framework */,
				7E12B5C31D3F26A800F016E1 /* 大头针相关 */,
				7E12B5DD1D3F26A800F016E1 /* 大头针相关Tests */,
				7E12B5E81D3F26A800F016E1 /* 大头针相关UITests */,
				7E12B5C21D3F26A800F016E1 /* Products */,
			);
			sourceTree = "<group>";
		};
		7E12B5C21D3F26A800F016E1 /* Products */ = {
			isa = PBXGroup;
			children = (
				7E12B5C11D3F26A800F016E1 /* 大头针相关.app */,
				7E12B5DA1D3F26A800F016E1 /* 大头针相关Tests.xctest */,
				7E12B5E51D3F26A800F016E1 /* 大头针相关UITests.xctest */,
			);
			name = Products;
			sourceTree = "<group>";
		};
		7E12B5C31D3F26A800F016E1 /* 大头针相关 */ = {
			isa = PBXGroup;
			children = (
				7E12B5C71D3F26A800F016E1 /* AppDelegate.h */,
				7E12B5C81D3F26A800F016E1 /* AppDelegate.m */,
				7E12B5CA1D3F26A800F016E1 /* ViewController.h */,
				7E12B5CB1D3F26A800F016E1 /* ViewController.m */,
				7ED812681D406F5A0056CA37 /* myAnimation.h */,
				7ED812691D406F5A0056CA37 /* myAnimation.m */,
				7E12B5CD1D3F26A800F016E1 /* Main.storyboard */,
				7E12B5D01D3F26A800F016E1 /* Assets.xcassets */,
				7E12B5D21D3F26A800F016E1 /* LaunchScreen.storyboard */,
				7E12B5D51D3F26A800F016E1 /* Info.plist */,
				7E12B5C41D3F26A800F016E1 /* Supporting Files */,
			);
			path = "大头针相关";
			sourceTree = "<group>";
		};
		7E12B5C41D3F26A800F016E1 /* Supporting Files */ = {
			isa = PBXGroup;
			children = (
				7E12B5C51D3F26A800F016E1 /* main.m */,
			);
			name = "Supporting Files";
			sourceTree = "<group>";
		};
		7E12B5DD1D3F26A800F016E1 /* 大头针相关Tests */ = {
			isa = PBXGroup;
			children = (
				7E12B5DE1D3F26A800F016E1 /* _____Tests.m */,
				7E12B5E01D3F26A800F016E1 /* Info.plist */,
			);
			path = "大头针相关Tests";
			sourceTree = "<group>";
		};
		7E12B5E81D3F26A800F016E1 /* 大头针相关UITests */ = {
			isa = PBXGroup;
			children = (
				7E12B5E91D3F26A800F016E1 /* _____UITests.m */,
				7E12B5EB1D3F26A800F016E1 /* Info.plist */,
			);
			path = "大头针相关UITests";
			sourceTree = "<group>";
		};
/* End PBXGroup section */

/* Begin PBXNativeTarget section */
		7E12B5C01D3F26A800F016E1 /* 大头针相关 */ = {
			isa = PBXNativeTarget;
			buildConfigurationList = 7E12B5EE1D3F26A800F016E1 /* Build configuration list for PBXNativeTarget "大头针相关" */;
			buildPhases = (
				7E12B5BD1D3F26A800F016E1 /* Sources */,
				7E12B5BE1D3F26A800F016E1 /* Frameworks */,
				7E12B5BF1D3F26A800F016E1 /* Resources */,
			);
			buildRules = (
			);
			dependencies = (
			);
			name = "大头针相关";
			productName = "大头针相关";
			productReference = 7E12B5C11D3F26A800F016E1 /* 大头针相关.app */;
			productType = "com.apple.product-type.application";
		};
		7E12B5D91D3F26A800F016E1 /* 大头针相关Tests */ = {
			isa = PBXNativeTarget;
			buildConfigurationList = 7E12B5F11D3F26A800F016E1 /* Build configuration list for PBXNativeTarget "大头针相关Tests" */;
			buildPhases = (
				7E12B5D61D3F26A800F016E1 /* Sources */,
				7E12B5D71D3F26A800F016E1 /* Frameworks */,
				7E12B5D81D3F26A800F016E1 /* Resources */,
			);
			buildRules = (
			);
			dependencies = (
				7E12B5DC1D3F26A800F016E1 /* PBXTargetDependency */,
			);
			name = "大头针相关Tests";
			productName = "大头针相关Tests";
			productReference = 7E12B5DA1D3F26A800F016E1 /* 大头针相关Tests.xctest */;
			productType = "com.apple.product-type.bundle.unit-test";
		};
		7E12B5E41D3F26A800F016E1 /* 大头针相关UITests */ = {
			isa = PBXNativeTarget;
			buildConfigurationList = 7E12B5F41D3F26A800F016E1 /* Build configuration list for PBXNativeTarget "大头针相关UITests" */;
			buildPhases = (
				7E12B5E11D3F26A800F016E1 /* Sources */,
				7E12B5E21D3F26A800F016E1 /* Frameworks */,
				7E12B5E31D3F26A800F016E1 /* Resources */,
			);
			buildRules = (
			);
			dependencies = (
				7E12B5E71D3F26A800F016E1 /* PBXTargetDependency */,
			);
			name = "大头针相关UITests";
			productName = "大头针相关UITests";
			productReference = 7E12B5E51D3F26A800F016E1 /* 大头针相关UITests.xctest */;
			productType = "com.apple.product-type.bundle.ui-testing";
		};
/* End PBXNativeTarget section */

/* Begin PBXProject section */
		7E12B5B91D3F26A800F016E1 /* Project object */ = {
			isa = PBXProject;
			attributes = {
				LastUpgradeCheck = 0730;
				ORGANIZATIONNAME = "zhang yannan";
				TargetAttributes = {
					7E12B5C01D3F26A800F016E1 = {
						CreatedOnToolsVersion = 7.3.1;
					};
					7E12B5D91D3F26A800F016E1 = {
						CreatedOnToolsVersion = 7.3.1;
						TestTargetID = 7E12B5C01D3F26A800F016E1;
					};
					7E12B5E41D3F26A800F016E1 = {
						CreatedOnToolsVersion = 7.3.1;
						TestTargetID = 7E12B5C01D3F26A800F016E1;
					};
				};
			};
			buildConfigurationList = 7E12B5BC1D3F26A800F016E1 /* Build configuration list for PBXProject "大头针相关" */;
			compatibilityVersion = "Xcode 3.2";
			developmentRegion = English;
			hasScannedForEncodings = 0;
			knownRegions = (
				en,
				Base,
			);
			mainGroup = 7E12B5B81D3F26A800F016E1;
			productRefGroup = 7E12B5C21D3F26A800F016E1 /* Products */;
			projectDirPath = "";
			projectRoot = "";
			targets = (
				7E12B5C01D3F26A800F016E1 /* 大头针相关 */,
				7E12B5D91D3F26A800F016E1 /* 大头针相关Tests */,
				7E12B5E41D3F26A800F016E1 /* 大头针相关UITests */,
			);
		};
/* End PBXProject section */

/* Begin PBXResourcesBuildPhase section */
		7E12B5BF1D3F26A800F016E1 /* Resources */ = {
			isa = PBXResourcesBuildPhase;
			buildActionMask = 2147483647;
			files = (
				7E12B5D41D3F26A800F016E1 /* LaunchScreen.storyboard in Resources */,
				7E12B5D11D3F26A800F016E1 /* Assets.xcassets in Resources */,
				7E12B5CF1D3F26A800F016E1 /* Main.storyboard in Resources */,
			);
			runOnlyForDeploymentPostprocessing = 0;
		};
		7E12B5D81D3F26A800F016E1 /* Resources */ = {
			isa = PBXResourcesBuildPhase;
			buildActionMask = 2147483647;
			files = (
			);
			runOnlyForDeploymentPostprocessing = 0;
		};
		7E12B5E31D3F26A800F016E1 /* Resources */ = {
			isa = PBXResourcesBuildPhase;
			buildActionMask = 2147483647;
			files = (
			);
			runOnlyForDeploymentPostprocessing = 0;
		};
/* End PBXResourcesBuildPhase section */

/* Begin PBXSourcesBuildPhase section */
		7E12B5BD1D3F26A800F016E1 /* Sources */ = {
			isa = PBXSourcesBuildPhase;
			buildActionMask = 2147483647;
			files = (
				7E12B5CC1D3F26A800F016E1 /* ViewController.m in Sources */,
				7E12B5C91D3F26A800F016E1 /* AppDelegate.m in Sources */,
				7ED8126A1D406F5A0056CA37 /* myAnimation.m in Sources */,
				7E12B5C61D3F26A800F016E1 /* main.m in Sources */,
			);
			runOnlyForDeploymentPostprocessing = 0;
		};
		7E12B5D61D3F26A800F016E1 /* Sources */ = {
			isa = PBXSourcesBuildPhase;
			buildActionMask = 2147483647;
			files = (
				7E12B5DF1D3F26A800F016E1 /* _____Tests.m in Sources */,
			);
			runOnlyForDeploymentPostprocessing = 0;
		};
		7E12B5E11D3F26A800F016E1 /* Sources */ = {
			isa = PBXSourcesBuildPhase;
			buildActionMask = 2147483647;
			files = (
				7E12B5EA1D3F26A800F016E1 /* _____UITests.m in Sources */,
			);
			runOnlyForDeploymentPostprocessing = 0;
		};
/* End PBXSourcesBuildPhase section */

/* Begin PBXTargetDependency section */
		7E12B5DC1D3F26A800F016E1 /* PBXTargetDependency */ = {
			isa = PBXTargetDependency;
			target = 7E12B5C01D3F26A800F016E1 /* 大头针相关 */;
			targetProxy = 7E12B5DB1D3F26A800F016E1 /* PBXContainerItemProxy */;
		};
		7E12B5E71D3F26A800F016E1 /* PBXTargetDependency */ = {
			isa = PBXTargetDependency;
			target = 7E12B5C01D3F26A800F016E1 /* 大头针相关 */;
			targetProxy = 7E12B5E61D3F26A800F016E1 /* PBXContainerItemProxy */;
		};
/* End PBXTargetDependency section */

/* Begin PBXVariantGroup section */
		7E12B5CD1D3F26A800F016E1 /* Main.storyboard */ = {
			isa = PBXVariantGroup;
			children = (
				7E12B5CE1D3F26A800F016E1 /* Base */,
			);
			name = Main.storyboard;
			sourceTree = "<group>";
		};
		7E12B5D21D3F26A800F016E1 /* LaunchScreen.storyboard */ = {
			isa = PBXVariantGroup;
			children = (
				7E12B5D31D3F26A800F016E1 /* Base */,
			);
			name = LaunchScreen.storyboard;
			sourceTree = "<group>";
		};
/* End PBXVariantGroup section */

/* Begin XCBuildConfiguration section */
		7E12B5EC1D3F26A800F016E1 /* Debug */ = {
			isa = XCBuildConfiguration;
			buildSettings = {
				ALWAYS_SEARCH_USER_PATHS = NO;
				CLANG_ANALYZER_NONNULL = YES;
				CLANG_CXX_LANGUAGE_STANDARD = "gnu++0x";
				CLANG_CXX_LIBRARY = "libc++";
				CLANG_ENABLE_MODULES = YES;
				CLANG_ENABLE_OBJC_ARC = YES;
				CLANG_WARN_BOOL_CONVERSION = YES;
				CLANG_WARN_CONSTANT_CONVERSION = YES;
				CLANG_WARN_DIRECT_OBJC_ISA_USAGE = YES_ERROR;
				CLANG_WARN_EMPTY_BODY = YES;
				CLANG_WARN_ENUM_CONVERSION = YES;
				CLANG_WARN_INT_CONVERSION = YES;
				CLANG_WARN_OBJC_ROOT_CLASS = YES_ERROR;
				CLANG_WARN_UNREACHABLE_CODE = YES;
				CLANG_WARN__DUPLICATE_METHOD_MATCH = YES;
				"CODE_SIGN_IDENTITY[sdk=iphoneos*]" = "iPhone Developer";
				COPY_PHASE_STRIP = NO;
				DEBUG_INFORMATION_FORMAT = dwarf;
				ENABLE_STRICT_OBJC_MSGSEND = YES;
				ENABLE_TESTABILITY = YES;
				GCC_C_LANGUAGE_STANDARD = gnu99;
				GCC_DYNAMIC_NO_PIC = NO;
				GCC_NO_COMMON_BLOCKS = YES;
				GCC_OPTIMIZATION_LEVEL = 0;
				GCC_PREPROCESSOR_DEFINITIONS = (
					"DEBUG=1",
					"$(inherited)",
				);
				GCC_WARN_64_TO_32_BIT_CONVERSION = YES;
				GCC_WARN_ABOUT_RETURN_TYPE = YES_ERROR;
				GCC_WARN_UNDECLARED_SELECTOR = YES;
				GCC_WARN_UNINITIALIZED_AUTOS = YES_AGGRESSIVE;
				GCC_WARN_UNUSED_FUNCTION = YES;
				GCC_WARN_UNUSED_VARIABLE = YES;
				IPHONEOS_DEPLOYMENT_TARGET = 9.3;
				MTL_ENABLE_DEBUG_INFO = YES;
				ONLY_ACTIVE_ARCH = YES;
				SDKROOT = iphoneos;
			};
			name = Debug;
		};
		7E12B5ED1D3F26A800F016E1 /* Release */ = {
			isa = XCBuildConfiguration;
			buildSettings = {
				ALWAYS_SEARCH_USER_PATHS = NO;
				CLANG_ANALYZER_NONNULL = YES;
				CLANG_CXX_LANGUAGE_STANDARD = "gnu++0x";
				CLANG_CXX_LIBRARY = "libc++";
				CLANG_ENABLE_MODULES = YES;
				CLANG_ENABLE_OBJC_ARC = YES;
				CLANG_WARN_BOOL_CONVERSION = YES;
				CLANG_WARN_CONSTANT_CONVERSION = YES;
				CLANG_WARN_DIRECT_OBJC_ISA_USAGE = YES_ERROR;
				CLANG_WARN_EMPTY_BODY = YES;
				CLANG_WARN_ENUM_CONVERSION = YES;
				CLANG_WARN_INT_CONVERSION = YES;
				CLANG_WARN_OBJC_ROOT_CLASS = YES_ERROR;
				CLANG_WARN_UNREACHABLE_CODE = YES;
				CLANG_WARN__DUPLICATE_METHOD_MATCH = YES;
				"CODE_SIGN_IDENTITY[sdk=iphoneos*]" = "iPhone Developer";
				COPY_PHASE_STRIP = NO;
				DEBUG_INFORMATION_FORMAT = "dwarf-with-dsym";
				ENABLE_NS_ASSERTIONS = NO;
				ENABLE_STRICT_OBJC_MSGSEND = YES;
				GCC_C_LANGUAGE_STANDARD = gnu99;
				GCC_NO_COMMON_BLOCKS = YES;
				GCC_WARN_64_TO_32_BIT_CONVERSION = YES;
				GCC_WARN_ABOUT_RETURN_TYPE = YES_ERROR;
				GCC_WARN_UNDECLARED_SELECTOR = YES;
				GCC_WARN_UNINITIALIZED_AUTOS = YES_AGGRESSIVE;
				GCC_WARN_UNUSED_FUNCTION = YES;
				GCC_WARN_UNUSED_VARIABLE = YES;
				IPHONEOS_DEPLOYMENT_TARGET = 9.3;
				MTL_ENABLE_DEBUG_INFO = NO;
				SDKROOT = iphoneos;
				VALIDATE_PRODUCT = YES;
			};
			name = Release;
		};
		7E12B5EF1D3F26A800F016E1 /* Debug */ = {
			isa = XCBuildConfiguration;
			buildSettings = {
				ASSETCATALOG_COMPILER_APPICON_NAME = AppIcon;
				INFOPLIST_FILE = "大头针相关/Info.plist";
				LD_RUNPATH_SEARCH_PATHS = "$(inherited) @executable_path/Frameworks";
				PRODUCT_BUNDLE_IDENTIFIER = "myself.-----";
				PRODUCT_NAME = "$(TARGET_NAME)";
			};
			name = Debug;
		};
		7E12B5F01D3F26A800F016E1 /* Release */ = {
			isa = XCBuildConfiguration;
			buildSettings = {
				ASSETCATALOG_COMPILER_APPICON_NAME = AppIcon;
				INFOPLIST_FILE = "大头针相关/Info.plist";
				LD_RUNPATH_SEARCH_PATHS = "$(inherited) @executable_path/Frameworks";
				PRODUCT_BUNDLE_IDENTIFIER = "myself.-----";
				PRODUCT_NAME = "$(TARGET_NAME)";
			};
			name = Release;
		};
		7E12B5F21D3F26A800F016E1 /* Debug */ = {
			isa = XCBuildConfiguration;
			buildSettings = {
				BUNDLE_LOADER = "$(TEST_HOST)";
				INFOPLIST_FILE = "大头针相关Tests/Info.plist";
				LD_RUNPATH_SEARCH_PATHS = "$(inherited) @executable_path/Frameworks @loader_path/Frameworks";
				PRODUCT_BUNDLE_IDENTIFIER = "myself.-----Tests";
				PRODUCT_NAME = "$(TARGET_NAME)";
				TEST_HOST = "$(BUILT_PRODUCTS_DIR)/大头针相关.app/大头针相关";
			};
			name = Debug;
		};
		7E12B5F31D3F26A800F016E1 /* Release */ = {
			isa = XCBuildConfiguration;
			buildSettings = {
				BUNDLE_LOADER = "$(TEST_HOST)";
				INFOPLIST_FILE = "大头针相关Tests/Info.plist";
				LD_RUNPATH_SEARCH_PATHS = "$(inherited) @executable_path/Frameworks @loader_path/Frameworks";
				PRODUCT_BUNDLE_IDENTIFIER = "myself.-----Tests";
				PRODUCT_NAME = "$(TARGET_NAME)";
				TEST_HOST = "$(BUILT_PRODUCTS_DIR)/大头针相关.app/大头针相关";
			};
			name = Release;
		};
		7E12B5F51D3F26A800F016E1 /* Debug */ = {
			isa = XCBuildConfiguration;
			buildSettings = {
				INFOPLIST_FILE = "大头针相关UITests/Info.plist";
				LD_RUNPATH_SEARCH_PATHS = "$(inherited) @executable_path/Frameworks @loader_path/Frameworks";
				PRODUCT_BUNDLE_IDENTIFIER = "myself.-----UITests";
				PRODUCT_NAME = "$(TARGET_NAME)";
				TEST_TARGET_NAME = "大头针相关";
			};
			name = Debug;
		};
		7E12B5F61D3F26A800F016E1 /* Release */ = {
			isa = XCBuildConfiguration;
			buildSettings = {
				INFOPLIST_FILE = "大头针相关UITests/Info.plist";
				LD_RUNPATH_SEARCH_PATHS = "$(inherited) @executable_path/Frameworks @loader_path/Frameworks";
				PRODUCT_BUNDLE_IDENTIFIER = "myself.-----UITests";
				PRODUCT_NAME = "$(TARGET_NAME)";
				TEST_TARGET_NAME = "大头针相关";
			};
			name = Release;
		};
/* End XCBuildConfiguration section */

/* Begin XCConfigurationList section */
		7E12B5BC1D3F26A800F016E1 /* Build configuration list for PBXProject "大头针相关" */ = {
			isa = XCConfigurationList;
			buildConfigurations = (
				7E12B5EC1D3F26A800F016E1 /* Debug */,
				7E12B5ED1D3F26A800F016E1 /* Release */,
			);
			defaultConfigurationIsVisible = 0;
			defaultConfigurationName = Release;
		};
		7E12B5EE1D3F26A800F016E1 /* Build configuration list for PBXNativeTarget "大头针相关" */ = {
			isa = XCConfigurationList;
			buildConfigurations = (
				7E12B5EF1D3F26A800F016E1 /* Debug */,
				7E12B5F01D3F26A800F016E1 /* Release */,
			);
			defaultConfigurationIsVisible = 0;
			defaultConfigurationName = Release;
		};
		7E12B5F11D3F26A800F016E1 /* Build configuration list for PBXNativeTarget "大头针相关Tests" */ = {
			isa = XCConfigurationList;
			buildConfigurations = (
				7E12B5F21D3F26A800F016E1 /* Debug */,
				7E12B5F31D3F26A800F016E1 /* Release */,
			);
			defaultConfigurationIsVisible = 0;
			defaultConfigurationName = Release;
		};
		7E12B5F41D3F26A800F016E1 /* Build configuration list for PBXNativeTarget "大头针相关UITests" */ = {
			isa = XCConfigurationList;
			buildConfigurations = (
				7E12B5F51D3F26A800F016E1 /* Debug */,
				7E12B5F61D3F26A800F016E1 /* Release */,
			);
			defaultConfigurationIsVisible = 0;
			defaultConfigurationName = Release;
		};
/* End XCConfigurationList section */
	};
	rootObject = 7E12B5B91D3F26A800F016E1 /* Project object */;
}
